
Microsoft Visual Studio Solution File, Format Version 12.00
# Visual Studio Version 16
VisualStudioVersion = 16.0.30320.27
MinimumVisualStudioVersion = 10.0.40219.1
Project("{FAE04EC0-301F-11D3-BF4B-00C04F79EFBC}") = "GGWP1", "GGWP1\GGWP1.csproj", "{E701D5B3-0AF7-42BF-B63A-76316F3FCF1C}"
EndProject
Global
	GlobalSection(SolutionConfigurationPlatforms) = preSolution
		Debug|Any CPU = Debug|Any CPU
		Release|Any CPU = Release|Any CPU
	EndGlobalSection
	GlobalSection(ProjectConfigurationPlatforms) = postSolution
		{E701D5B3-0AF7-42BF-B63A-76316F3FCF1C}.Debug|Any CPU.ActiveCfg = Debug|Any CPU
		{E701D5B3-0AF7-42BF-B63A-76316F3FCF1C}.Debug|Any CPU.Build.0 = Debug|Any CPU
		{E701D5B3-0AF7-42BF-B63A-76316F3FCF1C}.Release|Any CPU.ActiveCfg = Release|Any CPU
		{E701D5B3-0AF7-42BF-B63A-76316F3FCF1C}.Release|Any CPU.Build.0 = Release|Any CPU
	EndGlobalSection
	GlobalSection(SolutionProperties) = preSolution
		HideSolutionNode = FALSE
	EndGlobalSection
	GlobalSection(ExtensibilityGlobals) = postSolution
		SolutionGuid = {0FE780BB-7BBB-4176-AB31-5016B21784DC}
	EndGlobalSection
EndGlobal
